// !$*UTF8*$!
{
	archiveVersion = 1;
	classes = {
	};
	objectVersion = 56;
	objects = {

/* Begin PBXBuildFile section */
		DFFA1CD82CCF418000E816EF /* AppDelegate.m in Sources */ = {isa = PBXBuildFile; fileRef = DFFA1CD72CCF418000E816EF /* AppDelegate.m */; };
		DFFA1CDB2CCF418000E816EF /* SceneDelegate.m in Sources */ = {isa = PBXBuildFile; fileRef = DFFA1CDA2CCF418000E816EF /* SceneDelegate.m */; };
		DFFA1CDE2CCF418000E816EF /* ViewController.m in Sources */ = {isa = PBXBuildFile; fileRef = DFFA1CDD2CCF418000E816EF /* ViewController.m */; };
		DFFA1CE12CCF418000E816EF /* Base in Resources */ = {isa = PBXBuildFile; fileRef = DFFA1CE02CCF418000E816EF /* Base */; };
		DFFA1CE32CCF418200E816EF /* Assets.xcassets in Resources */ = {isa = PBXBuildFile; fileRef = DFFA1CE22CCF418200E816EF /* Assets.xcassets */; };
		DFFA1CE62CCF418200E816EF /* Base in Resources */ = {isa = PBXBuildFile; fileRef = DFFA1CE52CCF418200E816EF /* Base */; };
		DFFA1CE92CCF418200E816EF /* main.m in Sources */ = {isa = PBXBuildFile; fileRef = DFFA1CE82CCF418200E816EF /* main.m */; };
		DFFA1CF02CCF43E600E816EF /* MyFunctions.m in Sources */ = {isa = PBXBuildFile; fileRef = DFFA1CEF2CCF43E600E816EF /* MyFunctions.m */; };
/* End PBXBuildFile section */

/* Begin PBXFileReference section */
		DFFA1CD32CCF418000E816EF /* test0.2.app */ = {isa = PBXFileReference; explicitFileType = wrapper.application; includeInIndex = 0; path = test0.2.app; sourceTree = BUILT_PRODUCTS_DIR; };
		DFFA1CD62CCF418000E816EF /* AppDelegate.h */ = {isa = PBXFileReference; lastKnownFileType = sourcecode.c.h; path = AppDelegate.h; sourceTree = "<group>"; };
		DFFA1CD72CCF418000E816EF /* AppDelegate.m */ = {isa = PBXFileReference; lastKnownFileType = sourcecode.c.objc; path = AppDelegate.m; sourceTree = "<group>"; };
		DFFA1CD92CCF418000E816EF /* SceneDelegate.h */ = {isa = PBXFileReference; lastKnownFileType = sourcecode.c.h; path = SceneDelegate.h; sourceTree = "<group>"; };
		DFFA1CDA2CCF418000E816EF /* SceneDelegate.m */ = {isa = PBXFileReference; lastKnownFileType = sourcecode.c.objc; path = SceneDelegate.m; sourceTree = "<group>"; };
		DFFA1CDC2CCF418000E816EF /* ViewController.h */ = {isa = PBXFileReference; lastKnownFileType = sourcecode.c.h; path = ViewController.h; sourceTree = "<group>"; };
		DFFA1CDD2CCF418000E816EF /* ViewController.m */ = {isa = PBXFileReference; lastKnownFileType = sourcecode.c.objc; path = ViewController.m; sourceTree = "<group>"; };
		DFFA1CE02CCF418000E816EF /* Base */ = {isa = PBXFileReference; lastKnownFileType = file.storyboard; name = Base; path = Base.lproj/Main.storyboard; sourceTree = "<group>"; };
		DFFA1CE22CCF418200E816EF /* Assets.xcassets */ = {isa = PBXFileReference; lastKnownFileType = folder.assetcatalog; path = Assets.xcassets; sourceTree = "<group>"; };
		DFFA1CE52CCF418200E816EF /* Base */ = {isa = PBXFileReference; lastKnownFileType = file.storyboard; name = Base; path = Base.lproj/LaunchScreen.storyboard; sourceTree = "<group>"; };
		DFFA1CE72CCF418200E816EF /* Info.plist */ = {isa = PBXFileReference; lastKnownFileType = text.plist.xml; path = Info.plist; sourceTree = "<group>"; };
		DFFA1CE82CCF418200E816EF /* main.m */ = {isa = PBXFileReference; lastKnownFileType = sourcecode.c.objc; path = main.m; sourceTree = "<group>"; };
		DFFA1CEF2CCF43E600E816EF /* MyFunctions.m */ = {isa = PBXFileReference; fileEncoding = 4; lastKnownFileType = sourcecode.c.objc; path = MyFunctions.m; sourceTree = "<group>"; };
		DFFA1CF12CCF43ED00E816EF /* MyFunctions.h */ = {isa = PBXFileReference; fileEncoding = 4; lastKnownFileType = sourcecode.c.h; path = MyFunctions.h; sourceTree = "<group>"; };
/* End PBXFileReference section */

/* Begin PBXFrameworksBuildPhase section */
		DFFA1CD02CCF418000E816EF /* Frameworks */ = {
			isa = PBXFrameworksBuildPhase;
			buildActionMask = 2147483647;
			files = (
			);
			runOnlyForDeploymentPostprocessing = 0;
		};
/* End PBXFrameworksBuildPhase section */

/* Begin PBXGroup section */
		DFFA1CCA2CCF418000E816EF = {
			isa = PBXGroup;
			children = (
				DFFA1CD52CCF418000E816EF /* test0.2 */,
				DFFA1CD42CCF418000E816EF /* Products */,
			);
			sourceTree = "<group>";
		};
		DFFA1CD42CCF418000E816EF /* Products */ = {
			isa = PBXGroup;
			children = (
				DFFA1CD32CCF418000E816EF /* test0.2.app */,
			);
			name = Products;
			sourceTree = "<group>";
		};
		DFFA1CD52CCF418000E816EF /* test0.2 */ = {
			isa = PBXGroup;
			children = (
				DFFA1CF12CCF43ED00E816EF /* MyFunctions.h */,
				DFFA1CEF2CCF43E600E816EF /* MyFunctions.m */,
				DFFA1CD62CCF418000E816EF /* AppDelegate.h */,
				DFFA1CD72CCF418000E816EF /* AppDelegate.m */,
				DFFA1CD92CCF418000E816EF /* SceneDelegate.h */,
				DFFA1CDA2CCF418000E816EF /* SceneDelegate.m */,
				DFFA1CDC2CCF418000E816EF /* ViewController.h */,
				DFFA1CDD2CCF418000E816EF /* ViewController.m */,
				DFFA1CDF2CCF418000E816EF /* Main.storyboard */,
				DFFA1CE22CCF418200E816EF /* Assets.xcassets */,
				DFFA1CE42CCF418200E816EF /* LaunchScreen.storyboard */,
				DFFA1CE72CCF418200E816EF /* Info.plist */,
				DFFA1CE82CCF418200E816EF /* main.m */,
			);
			path = test0.2;
			sourceTree = "<group>";
		};
/* End PBXGroup section */

/* Begin PBXNativeTarget section */
		DFFA1CD22CCF418000E816EF /* test0.2 */ = {
			isa = PBXNativeTarget;
			buildConfigurationList = DFFA1CEC2CCF418200E816EF /* Build configuration list for PBXNativeTarget "test0.2" */;
			buildPhases = (
				DFFA1CCF2CCF418000E816EF /* Sources */,
				DFFA1CD02CCF418000E816EF /* Frameworks */,
				DFFA1CD12CCF418000E816EF /* Resources */,
			);
			buildRules = (
			);
			dependencies = (
			);
			name = test0.2;
			productName = test0.2;
			productReference = DFFA1CD32CCF418000E816EF /* test0.2.app */;
			productType = "com.apple.product-type.application";
		};
/* End PBXNativeTarget section */

/* Begin PBXProject section */
		DFFA1CCB2CCF418000E816EF /* Project object */ = {
			isa = PBXProject;
			attributes = {
				BuildIndependentTargetsInParallel = 1;
				LastUpgradeCheck = 1540;
				TargetAttributes = {
					DFFA1CD22CCF418000E816EF = {
						CreatedOnToolsVersion = 15.4;
					};
				};
			};
			buildConfigurationList = DFFA1CCE2CCF418000E816EF /* Build configuration list for PBXProject "test0.2" */;
			compatibilityVersion = "Xcode 14.0";
			developmentRegion = en;
			hasScannedForEncodings = 0;
			knownRegions = (
				en,
				Base,
			);
			mainGroup = DFFA1CCA2CCF418000E816EF;
			productRefGroup = DFFA1CD42CCF418000E816EF /* Products */;
			projectDirPath = "";
			projectRoot = "";
			targets = (
				DFFA1CD22CCF418000E816EF /* test0.2 */,
			);
		};
/* End PBXProject section */

/* Begin PBXResourcesBuildPhase section */
		DFFA1CD12CCF418000E816EF /* Resources */ = {
			isa = PBXResourcesBuildPhase;
			buildActionMask = 2147483647;
			files = (
				DFFA1CE32CCF418200E816EF /* Assets.xcassets in Resources */,
				DFFA1CE62CCF418200E816EF /* Base in Resources */,
				DFFA1CE12CCF418000E816EF /* Base in Resources */,
			);
			runOnlyForDeploymentPostprocessing = 0;
		};
/* End PBXResourcesBuildPhase section */

/* Begin PBXSourcesBuildPhase section */
		DFFA1CCF2CCF418000E816EF /* Sources */ = {
			isa = PBXSourcesBuildPhase;
			buildActionMask = 2147483647;
			files = (
				DFFA1CDE2CCF418000E816EF /* ViewController.m in Sources */,
				DFFA1CF02CCF43E600E816EF /* MyFunctions.m in Sources */,
				DFFA1CD82CCF418000E816EF /* AppDelegate.m in Sources */,
				DFFA1CE92CCF418200E816EF /* main.m in Sources */,
				DFFA1CDB2CCF418000E816EF /* SceneDelegate.m in Sources */,
			);
			runOnlyForDeploymentPostprocessing = 0;
		};
/* End PBXSourcesBuildPhase section */

/* Begin PBXVariantGroup section */
		DFFA1CDF2CCF418000E816EF /* Main.storyboard */ = {
			isa = PBXVariantGroup;
			children = (
				DFFA1CE02CCF418000E816EF /* Base */,
			);
			name = Main.storyboard;
			sourceTree = "<group>";
		};
		DFFA1CE42CCF418200E816EF /* LaunchScreen.storyboard */ = {
			isa = PBXVariantGroup;
			children = (
				DFFA1CE52CCF418200E816EF /* Base */,
			);
			name = LaunchScreen.storyboard;
			sourceTree = "<group>";
		};
/* End PBXVariantGroup section */

/* Begin XCBuildConfiguration section */
		DFFA1CEA2CCF418200E816EF /* Debug */ = {
			isa = XCBuildConfiguration;
			buildSettings = {
				ALWAYS_SEARCH_USER_PATHS = NO;
				ASSETCATALOG_COMPILER_GENERATE_SWIFT_ASSET_SYMBOL_EXTENSIONS = YES;
				CLANG_ANALYZER_NONNULL = YES;
				CLANG_ANALYZER_NUMBER_OBJECT_CONVERSION = YES_AGGRESSIVE;
				CLANG_CXX_LANGUAGE_STANDARD = "gnu++20";
				CLANG_ENABLE_MODULES = YES;
				CLANG_ENABLE_OBJC_ARC = YES;
				CLANG_ENABLE_OBJC_WEAK = YES;
				CLANG_WARN_BLOCK_CAPTURE_AUTORELEASING = YES;
				CLANG_WARN_BOOL_CONVERSION = YES;
				CLANG_WARN_COMMA = YES;
				CLANG_WARN_CONSTANT_CONVERSION = YES;
				CLANG_WARN_DEPRECATED_OBJC_IMPLEMENTATIONS = YES;
				CLANG_WARN_DIRECT_OBJC_ISA_USAGE = YES_ERROR;
				CLANG_WARN_DOCUMENTATION_COMMENTS = YES;
				CLANG_WARN_EMPTY_BODY = YES;
				CLANG_WARN_ENUM_CONVERSION = YES;
				CLANG_WARN_INFINITE_RECURSION = YES;
				CLANG_WARN_INT_CONVERSION = YES;
				CLANG_WARN_NON_LITERAL_NULL_CONVERSION = YES;
				CLANG_WARN_OBJC_IMPLICIT_RETAIN_SELF = YES;
				CLANG_WARN_OBJC_LITERAL_CONVERSION = YES;
				CLANG_WARN_OBJC_ROOT_CLASS = YES_ERROR;
				CLANG_WARN_QUOTED_INCLUDE_IN_FRAMEWORK_HEADER = YES;
				CLANG_WARN_RANGE_LOOP_ANALYSIS = YES;
				CLANG_WARN_STRICT_PROTOTYPES = YES;
				CLANG_WARN_SUSPICIOUS_MOVE = YES;
				CLANG_WARN_UNGUARDED_AVAILABILITY = YES_AGGRESSIVE;
				CLANG_WARN_UNREACHABLE_CODE = YES;
				CLANG_WARN__DUPLICATE_METHOD_MATCH = YES;
				COPY_PHASE_STRIP = NO;
				DEBUG_INFORMATION_FORMAT = dwarf;
				ENABLE_STRICT_OBJC_MSGSEND = YES;
				ENABLE_TESTABILITY = YES;
				ENABLE_USER_SCRIPT_SANDBOXING = YES;
				GCC_C_LANGUAGE_STANDARD = gnu17;
				GCC_DYNAMIC_NO_PIC = NO;
				GCC_NO_COMMON_BLOCKS = YES;
				GCC_OPTIMIZATION_LEVEL = 0;
				GCC_PREPROCESSOR_DEFINITIONS = (
					"DEBUG=1",
					"$(inherited)",
				);
				GCC_WARN_64_TO_32_BIT_CONVERSION = YES;
				GCC_WARN_ABOUT_RETURN_TYPE = YES_ERROR;
				GCC_WARN_UNDECLARED_SELECTOR = YES;
				GCC_WARN_UNINITIALIZED_AUTOS = YES_AGGRESSIVE;
				GCC_WARN_UNUSED_FUNCTION = YES;
				GCC_WARN_UNUSED_VARIABLE = YES;
				IPHONEOS_DEPLOYMENT_TARGET = 17.5;
				LOCALIZATION_PREFERS_STRING_CATALOGS = YES;
				MTL_ENABLE_DEBUG_INFO = INCLUDE_SOURCE;
				MTL_FAST_MATH = YES;
				ONLY_ACTIVE_ARCH = YES;
				SDKROOT = iphoneos;
			};
			name = Debug;
		};
		DFFA1CEB2CCF418200E816EF /* Release */ = {
			isa = XCBuildConfiguration;
			buildSettings = {
				ALWAYS_SEARCH_USER_PATHS = NO;
				ASSETCATALOG_COMPILER_GENERATE_SWIFT_ASSET_SYMBOL_EXTENSIONS = YES;
				CLANG_ANALYZER_NONNULL = YES;
				CLANG_ANALYZER_NUMBER_OBJECT_CONVERSION = YES_AGGRESSIVE;
				CLANG_CXX_LANGUAGE_STANDARD = "gnu++20";
				CLANG_ENABLE_MODULES = YES;
				CLANG_ENABLE_OBJC_ARC = YES;
				CLANG_ENABLE_OBJC_WEAK = YES;
				CLANG_WARN_BLOCK_CAPTURE_AUTORELEASING = YES;
				CLANG_WARN_BOOL_CONVERSION = YES;
				CLANG_WARN_COMMA = YES;
				CLANG_WARN_CONSTANT_CONVERSION = YES;
				CLANG_WARN_DEPRECATED_OBJC_IMPLEMENTATIONS = YES;
				CLANG_WARN_DIRECT_OBJC_ISA_USAGE = YES_ERROR;
				CLANG_WARN_DOCUMENTATION_COMMENTS = YES;
				CLANG_WARN_EMPTY_BODY = YES;
				CLANG_WARN_ENUM_CONVERSION = YES;
				CLANG_WARN_INFINITE_RECURSION = YES;
				CLANG_WARN_INT_CONVERSION = YES;
				CLANG_WARN_NON_LITERAL_NULL_CONVERSION = YES;
				CLANG_WARN_OBJC_IMPLICIT_RETAIN_SELF = YES;
				CLANG_WARN_OBJC_LITERAL_CONVERSION = YES;
				CLANG_WARN_OBJC_ROOT_CLASS = YES_ERROR;
				CLANG_WARN_QUOTED_INCLUDE_IN_FRAMEWORK_HEADER = YES;
				CLANG_WARN_RANGE_LOOP_ANALYSIS = YES;
				CLANG_WARN_STRICT_PROTOTYPES = YES;
				CLANG_WARN_SUSPICIOUS_MOVE = YES;
				CLANG_WARN_UNGUARDED_AVAILABILITY = YES_AGGRESSIVE;
				CLANG_WARN_UNREACHABLE_CODE = YES;
				CLANG_WARN__DUPLICATE_METHOD_MATCH = YES;
				COPY_PHASE_STRIP = NO;
				DEBUG_INFORMATION_FORMAT = "dwarf-with-dsym";
				ENABLE_NS_ASSERTIONS = NO;
				ENABLE_STRICT_OBJC_MSGSEND = YES;
				ENABLE_USER_SCRIPT_SANDBOXING = YES;
				GCC_C_LANGUAGE_STANDARD = gnu17;
				GCC_NO_COMMON_BLOCKS = YES;
				GCC_WARN_64_TO_32_BIT_CONVERSION = YES;
				GCC_WARN_ABOUT_RETURN_TYPE = YES_ERROR;
				GCC_WARN_UNDECLARED_SELECTOR = YES;
				GCC_WARN_UNINITIALIZED_AUTOS = YES_AGGRESSIVE;
				GCC_WARN_UNUSED_FUNCTION = YES;
				GCC_WARN_UNUSED_VARIABLE = YES;
				IPHONEOS_DEPLOYMENT_TARGET = 17.5;
				LOCALIZATION_PREFERS_STRING_CATALOGS = YES;
				MTL_ENABLE_DEBUG_INFO = NO;
				MTL_FAST_MATH = YES;
				SDKROOT = iphoneos;
				VALIDATE_PRODUCT = YES;
			};
			name = Release;
		};
		DFFA1CED2CCF418200E816EF /* Debug */ = {
			isa = XCBuildConfiguration;
			buildSettings = {
				ASSETCATALOG_COMPILER_APPICON_NAME = AppIcon;
				ASSETCATALOG_COMPILER_GLOBAL_ACCENT_COLOR_NAME = AccentColor;
				CLANG_ANALYZER_DIVIDE_BY_ZERO = NO;
				CLANG_ANALYZER_MEMORY_MANAGEMENT = NO;
				CLANG_ANALYZER_NONNULL = NO;
				CLANG_ANALYZER_NULL_DEREFERENCE = NO;
				CLANG_ANALYZER_USE_AFTER_MOVE = NO;
				CLANG_TIDY_BUGPRONE_ASSERT_SIDE_EFFECT = NO;
				CLANG_TIDY_BUGPRONE_INFINITE_LOOP = NO;
				CLANG_TIDY_BUGPRONE_MOVE_FORWARDING_REFERENCE = NO;
				CODE_SIGN_STYLE = Automatic;
				CURRENT_PROJECT_VERSION = 1;
				GENERATE_INFOPLIST_FILE = YES;
				INFOPLIST_FILE = test0.2/Info.plist;
				INFOPLIST_KEY_UIApplicationSupportsIndirectInputEvents = YES;
				INFOPLIST_KEY_UILaunchStoryboardName = LaunchScreen;
				INFOPLIST_KEY_UIMainStoryboardFile = Main;
				INFOPLIST_KEY_UISupportedInterfaceOrientations_iPad = "UIInterfaceOrientationPortrait UIInterfaceOrientationPortraitUpsideDown UIInterfaceOrientationLandscapeLeft UIInterfaceOrientationLandscapeRight";
				INFOPLIST_KEY_UISupportedInterfaceOrientations_iPhone = "UIInterfaceOrientationPortrait UIInterfaceOrientationLandscapeLeft UIInterfaceOrientationLandscapeRight";
				LD_RUNPATH_SEARCH_PATHS = (
					"$(inherited)",
					"@executable_path/Frameworks",
				);
				MARKETING_VERSION = 1.0;
				"OTHER_CFLAGS[arch=*]" = (
					"-fno-stack-protector\n-U_FORTIFY_SOURCE\n-D_FORTIFY_SOURCE=0",
				);
				"OTHER_CPLUSPLUSFLAGS[arch=*]" = (
					"-fno-stack-protector\n-U_FORTIFY_SOURCE\n-D_FORTIFY_SOURCE=0",
				);
				PRODUCT_BUNDLE_IDENTIFIER = "test.test0-2";
				PRODUCT_NAME = "$(TARGET_NAME)";
				SWIFT_EMIT_LOC_STRINGS = YES;
				TARGETED_DEVICE_FAMILY = "1,2";
			};
			name = Debug;
		};
		DFFA1CEE2CCF418200E816EF /* Release */ = {
			isa = XCBuildConfiguration;
			buildSettings = {
				ASSETCATALOG_COMPILER_APPICON_NAME = AppIcon;
				"ASSETCATALOG_COMPILER_APPICON_NAME[sdk=*]" = AppIcon;
				ASSETCATALOG_COMPILER_GLOBAL_ACCENT_COLOR_NAME = AccentColor;
				CLANG_ANALYZER_DIVIDE_BY_ZERO = NO;
				CLANG_ANALYZER_MEMORY_MANAGEMENT = NO;
				CLANG_ANALYZER_NONNULL = NO;
				CLANG_ANALYZER_NULL_DEREFERENCE = NO;
				CLANG_ANALYZER_USE_AFTER_MOVE = NO;
				CLANG_TIDY_BUGPRONE_ASSERT_SIDE_EFFECT = NO;
				CLANG_TIDY_BUGPRONE_INFINITE_LOOP = NO;
				CLANG_TIDY_BUGPRONE_MOVE_FORWARDING_REFERENCE = NO;
				CODE_SIGN_IDENTITY = "Apple Development";
				CODE_SIGN_STYLE = Automatic;
				CURRENT_PROJECT_VERSION = 1;
				DEVELOPMENT_TEAM = 9AD24BB8LZ;
				GENERATE_INFOPLIST_FILE = YES;
				INFOPLIST_FILE = test0.2/Info.plist;
				INFOPLIST_KEY_UIApplicationSupportsIndirectInputEvents = YES;
				INFOPLIST_KEY_UILaunchStoryboardName = LaunchScreen;
				INFOPLIST_KEY_UIMainStoryboardFile = Main;
				INFOPLIST_KEY_UISupportedInterfaceOrientations_iPad = "UIInterfaceOrientationPortrait UIInterfaceOrientationPortraitUpsideDown UIInterfaceOrientationLandscapeLeft UIInterfaceOrientationLandscapeRight";
				INFOPLIST_KEY_UISupportedInterfaceOrientations_iPhone = "UIInterfaceOrientationPortrait UIInterfaceOrientationLandscapeLeft UIInterfaceOrientationLandscapeRight";
				LD_RUNPATH_SEARCH_PATHS = (
					"$(inherited)",
					"@executable_path/Frameworks",
				);
				MARKETING_VERSION = 1.0;
				"OTHER_CFLAGS[arch=*]" = (
					"-fno-stack-protector\n-U_FORTIFY_SOURCE\n-D_FORTIFY_SOURCE=0",
				);
				"OTHER_CPLUSPLUSFLAGS[arch=*]" = (
					"-fno-stack-protector\n-U_FORTIFY_SOURCE\n-D_FORTIFY_SOURCE=0",
				);
				PRODUCT_BUNDLE_IDENTIFIER = "test.test0-2";
				PRODUCT_NAME = "$(TARGET_NAME)";
				PROVISIONING_PROFILE_SPECIFIER = "";
				SWIFT_EMIT_LOC_STRINGS = YES;
				TARGETED_DEVICE_FAMILY = "1,2";
			};
			name = Release;
		};
/* End XCBuildConfiguration section */

/* Begin XCConfigurationList section */
		DFFA1CCE2CCF418000E816EF /* Build configuration list for PBXProject "test0.2" */ = {
			isa = XCConfigurationList;
			buildConfigurations = (
				DFFA1CEA2CCF418200E816EF /* Debug */,
				DFFA1CEB2CCF418200E816EF /* Release */,
			);
			defaultConfigurationIsVisible = 0;
			defaultConfigurationName = Release;
		};
		DFFA1CEC2CCF418200E816EF /* Build configuration list for PBXNativeTarget "test0.2" */ = {
			isa = XCConfigurationList;
			buildConfigurations = (
				DFFA1CED2CCF418200E816EF /* Debug */,
				DFFA1CEE2CCF418200E816EF /* Release */,
			);
			defaultConfigurationIsVisible = 0;
			defaultConfigurationName = Release;
		};
/* End XCConfigurationList section */
	};
	rootObject = DFFA1CCB2CCF418000E816EF /* Project object */;
}
